
Microsoft Visual Studio Solution File, Format Version 12.00
# Visual Studio Version 16
VisualStudioVersion = 16.0.31729.503
MinimumVisualStudioVersion = 10.0.40219.1
Project("{F184B08F-C81C-45F6-A57F-5ABD9991F28F}") = "Hello Word", "Hello Word.vbproj", "{284FFB32-70B3-4B6B-B1BD-6C53920FE407}"
EndProject
Global
	GlobalSection(SolutionConfigurationPlatforms) = preSolution
		Debug|Any CPU = Debug|Any CPU
		Release|Any CPU = Release|Any CPU
	EndGlobalSection
	GlobalSection(ProjectConfigurationPlatforms) = postSolution
		{284FFB32-70B3-4B6B-B1BD-6C53920FE407}.Debug|Any CPU.ActiveCfg = Debug|Any CPU
		{284FFB32-70B3-4B6B-B1BD-6C53920FE407}.Debug|Any CPU.Build.0 = Debug|Any CPU
		{284FFB32-70B3-4B6B-B1BD-6C53920FE407}.Release|Any CPU.ActiveCfg = Release|Any CPU
		{284FFB32-70B3-4B6B-B1BD-6C53920FE407}.Release|Any CPU.Build.0 = Release|Any CPU
	EndGlobalSection
	GlobalSection(SolutionProperties) = preSolution
		HideSolutionNode = FALSE
	EndGlobalSection
	GlobalSection(ExtensibilityGlobals) = postSolution
		SolutionGuid = {02A0273E-EF5A-4653-92B8-9362B950C757}
	EndGlobalSection
EndGlobal
